<?xml version="1.0" encoding="utf-8"?>
<Project ToolsVersion="4.0" xmlns="http://schemas.microsoft.com/developer/msbuild/2003">
  <ItemGroup>
    <Filter Include="源文件">
      <UniqueIdentifier>{4FC737F1-C7A5-4376-A066-2A32D752A2FF}</UniqueIdentifier>
      <Extensions>cpp;c;cc;cxx;def;odl;idl;hpj;bat;asm;asmx</Extensions>
    </Filter>
    <Filter Include="头文件">
      <UniqueIdentifier>{93995380-89BD-4b04-88EB-625FBE52EBFB}</UniqueIdentifier>
      <Extensions>h;hpp;hxx;hm;inl;inc;xsd</Extensions>
    </Filter>
    <Filter Include="资源文件">
      <UniqueIdentifier>{67DA6AB6-F800-4c08-8B7A-83BB121AAD01}</UniqueIdentifier>
      <Extensions>rc;ico;cur;bmp;dlg;rc2;rct;bin;rgs;gif;jpg;jpeg;jpe;resx;tiff;tif;png;wav</Extensions>
    </Filter>
    <Filter Include="Model">
      <UniqueIdentifier>{6a2708ce-d436-4db4-9177-be1a5b4ad538}</UniqueIdentifier>
    </Filter>
    <Filter Include="Utils">
      <UniqueIdentifier>{d25918e6-85d6-4f46-b59f-81c892999d9a}</UniqueIdentifier>
    </Filter>
  </ItemGroup>
  <ItemGroup>
    <ClCompile Include="..\..\TankWar-day9\Bomb.cpp">
      <Filter>源文件</Filter>
    </ClCompile>
    <ClCompile Include="..\..\TankWar-day9\Bullet.cpp">
      <Filter>源文件</Filter>
    </ClCompile>
    <ClCompile Include="..\..\TankWar-day9\EnemyTank.cpp">
      <Filter>源文件</Filter>
    </ClCompile>
    <ClCompile Include="..\..\TankWar-day9\Graphic.cpp">
      <Filter>源文件</Filter>
    </ClCompile>
    <ClCompile Include="..\..\TankWar-day9\main.cpp">
      <Filter>源文件</Filter>
    </ClCompile>
    <ClCompile Include="..\..\TankWar-day9\MainTank.cpp">
      <Filter>源文件</Filter>
    </ClCompile>
    <ClCompile Include="..\..\TankWar-day9\Setting.cpp">
      <Filter>源文件</Filter>
    </ClCompile>
    <ClCompile Include="..\..\TankWar-day9\Model\Point.cpp">
      <Filter>Model</Filter>
    </ClCompile>
    <ClCompile Include="..\..\TankWar-day9\Model\Rect.cpp">
      <Filter>Model</Filter>
    </ClCompile>
    <ClCompile Include="..\..\TankWar-day9\Utils\Shape.cpp">
      <Filter>Utils</Filter>
    </ClCompile>
  </ItemGroup>
  <ItemGroup>
    <ClInclude Include="..\..\TankWar-day9\Bomb.h">
      <Filter>头文件</Filter>
    </ClInclude>
    <ClInclude Include="..\..\TankWar-day9\Bullet.h">
      <Filter>头文件</Filter>
    </ClInclude>
    <ClInclude Include="..\..\TankWar-day9\EnemyTank.h">
      <Filter>头文件</Filter>
    </ClInclude>
    <ClInclude Include="..\..\TankWar-day9\Graphic.h">
      <Filter>头文件</Filter>
    </ClInclude>
    <ClInclude Include="..\..\TankWar-day9\MainTank.h">
      <Filter>头文件</Filter>
    </ClInclude>
    <ClInclude Include="..\..\TankWar-day9\Object.h">
      <Filter>头文件</Filter>
    </ClInclude>
    <ClInclude Include="..\..\TankWar-day9\Setting.h">
      <Filter>头文件</Filter>
    </ClInclude>
    <ClInclude Include="..\..\TankWar-day9\Tank.h">
      <Filter>头文件</Filter>
    </ClInclude>
    <ClInclude Include="..\..\TankWar-day9\Model\Point.h">
      <Filter>Model</Filter>
    </ClInclude>
    <ClInclude Include="..\..\TankWar-day9\Model\Rect.h">
      <Filter>Model</Filter>
    </ClInclude>
    <ClInclude Include="..\..\TankWar-day9\Utils\Shape.h">
      <Filter>Utils</Filter>
    </ClInclude>
  </ItemGroup>
</Project>